
Microsoft Visual Studio Solution File, Format Version 12.00
# Visual Studio 15
VisualStudioVersion = 15.0.27703.2035
MinimumVisualStudioVersion = 10.0.40219.1
Project("{FAE04EC0-301F-11D3-BF4B-00C04F79EFBC}") = "TheEscapists2Mod", "TheEscapists2Mod\TheEscapists2Mod.csproj", "{F8FA5339-88DE-4D25-A833-63DD067791DD}"
EndProject
Project("{FAE04EC0-301F-11D3-BF4B-00C04F79EFBC}") = "BloodySpellMod", "BloodySpellMod\BloodySpellMod.csproj", "{09834345-C932-44F2-A133-27371C950654}"
EndProject
Project("{FAE04EC0-301F-11D3-BF4B-00C04F79EFBC}") = "LostCastleMod", "LostCastleMod\LostCastleMod.csproj", "{FB9088EE-558F-4B9F-8DC5-69124DDD5974}"
EndProject
Project("{FAE04EC0-301F-11D3-BF4B-00C04F79EFBC}") = "AmzHardCoreSaver", "AmzHardCoreSaver\AmzHardCoreSaver.csproj", "{D0F47691-9AAA-4E4A-A8D7-761C6E49E318}"
EndProject
Project("{FAE04EC0-301F-11D3-BF4B-00C04F79EFBC}") = "AmzCuiTiAll", "AmzCuiTiAll\AmzCuiTiAll.csproj", "{D0F47691-9AAA-4E4A-A8D7-761C6E49E319}"
EndProject
Global
	GlobalSection(SolutionConfigurationPlatforms) = preSolution
		Debug|Any CPU = Debug|Any CPU
		Release|Any CPU = Release|Any CPU
	EndGlobalSection
	GlobalSection(ProjectConfigurationPlatforms) = postSolution
		{F8FA5339-88DE-4D25-A833-63DD067791DD}.Debug|Any CPU.ActiveCfg = Debug|Any CPU
		{F8FA5339-88DE-4D25-A833-63DD067791DD}.Debug|Any CPU.Build.0 = Debug|Any CPU
		{F8FA5339-88DE-4D25-A833-63DD067791DD}.Release|Any CPU.ActiveCfg = Release|Any CPU
		{F8FA5339-88DE-4D25-A833-63DD067791DD}.Release|Any CPU.Build.0 = Release|Any CPU
		{09834345-C932-44F2-A133-27371C950654}.Debug|Any CPU.ActiveCfg = Debug|Any CPU
		{09834345-C932-44F2-A133-27371C950654}.Debug|Any CPU.Build.0 = Debug|Any CPU
		{09834345-C932-44F2-A133-27371C950654}.Release|Any CPU.ActiveCfg = Release|Any CPU
		{09834345-C932-44F2-A133-27371C950654}.Release|Any CPU.Build.0 = Release|Any CPU
		{FB9088EE-558F-4B9F-8DC5-69124DDD5974}.Debug|Any CPU.ActiveCfg = Debug|Any CPU
		{FB9088EE-558F-4B9F-8DC5-69124DDD5974}.Debug|Any CPU.Build.0 = Debug|Any CPU
		{FB9088EE-558F-4B9F-8DC5-69124DDD5974}.Release|Any CPU.ActiveCfg = Release|Any CPU
		{FB9088EE-558F-4B9F-8DC5-69124DDD5974}.Release|Any CPU.Build.0 = Release|Any CPU
		{D0F47691-9AAA-4E4A-A8D7-761C6E49E318}.Debug|Any CPU.ActiveCfg = Debug|Any CPU
		{D0F47691-9AAA-4E4A-A8D7-761C6E49E318}.Debug|Any CPU.Build.0 = Debug|Any CPU
		{D0F47691-9AAA-4E4A-A8D7-761C6E49E318}.Release|Any CPU.ActiveCfg = Release|Any CPU
		{D0F47691-9AAA-4E4A-A8D7-761C6E49E318}.Release|Any CPU.Build.0 = Release|Any CPU
		{D0F47691-9AAA-4E4A-A8D7-761C6E49E319}.Debug|Any CPU.ActiveCfg = Debug|Any CPU
		{D0F47691-9AAA-4E4A-A8D7-761C6E49E319}.Debug|Any CPU.Build.0 = Debug|Any CPU
		{D0F47691-9AAA-4E4A-A8D7-761C6E49E319}.Release|Any CPU.ActiveCfg = Release|Any CPU
		{D0F47691-9AAA-4E4A-A8D7-761C6E49E319}.Release|Any CPU.Build.0 = Release|Any CPU
	EndGlobalSection
	GlobalSection(SolutionProperties) = preSolution
		HideSolutionNode = FALSE
	EndGlobalSection
	GlobalSection(ExtensibilityGlobals) = postSolution
		SolutionGuid = {69244EAD-31DF-4DC8-96E4-B62246ECC539}
	EndGlobalSection
EndGlobal
