
Microsoft Visual Studio Solution File, Format Version 12.00
# Visual Studio Version 17
VisualStudioVersion = 17.0.31606.5
MinimumVisualStudioVersion = 10.0.40219.1
Project("{FAE04EC0-301F-11D3-BF4B-00C04F79EFBC}") = "TheEscapists2Mod", "TheEscapists2Mod\TheEscapists2Mod.csproj", "{F8FA5339-88DE-4D25-A833-63DD067791DD}"
EndProject
Project("{FAE04EC0-301F-11D3-BF4B-00C04F79EFBC}") = "BloodySpellMod", "BloodySpellMod\BloodySpellMod.csproj", "{09834345-C932-44F2-A133-27371C950654}"
EndProject
Project("{FAE04EC0-301F-11D3-BF4B-00C04F79EFBC}") = "LostCastleMod", "LostCastleMod\LostCastleMod.csproj", "{FB9088EE-558F-4B9F-8DC5-69124DDD5974}"
EndProject
Project("{FAE04EC0-301F-11D3-BF4B-00C04F79EFBC}") = "AmzHardCoreSaver", "AmzHardCoreSaver\AmzHardCoreSaver.csproj", "{D0F47691-9AAA-4E4A-A8D7-761C6E49E318}"
EndProject
Project("{FAE04EC0-301F-11D3-BF4B-00C04F79EFBC}") = "AmzCuiTiAll", "AmzCuiTiAll\AmzCuiTiAll.csproj", "{D0F47691-9AAA-4E4A-A8D7-761C6E49E319}"
EndProject
Project("{FAE04EC0-301F-11D3-BF4B-00C04F79EFBC}") = "NeonAbyss.WingMod.hx", "NeonAbyss.WingMod.hx\NeonAbyss.WingMod.hx.csproj", "{0B864740-AE79-4181-A6B9-5473F1228CDE}"
EndProject
Project("{FAE04EC0-301F-11D3-BF4B-00C04F79EFBC}") = "TestGameMain", "TestGameMain\TestGameMain.csproj", "{43EE407B-3D17-49BF-8E18-AF9B2EDC8F49}"
EndProject
Project("{FAE04EC0-301F-11D3-BF4B-00C04F79EFBC}") = "TestGameMain.lib.Mod.mm", "TestGameMain.lib.Mod.mm\TestGameMain.lib.Mod.mm.csproj", "{31586695-6174-420C-AC2D-D825D2494209}"
EndProject
Project("{FAE04EC0-301F-11D3-BF4B-00C04F79EFBC}") = "TestGameMain.lib", "TestGameMain.lib\TestGameMain.lib.csproj", "{B7A0FB1B-506E-4F11-A4CB-4352BBF3CFF9}"
EndProject
Project("{FAE04EC0-301F-11D3-BF4B-00C04F79EFBC}") = "NeonAbyss.WingMod.mm", "NeonAbyss.WingMod.mm\NeonAbyss.WingMod.mm.csproj", "{640FCC03-1D2F-48D6-9E04-5C23D0855290}"
EndProject
Project("{FAE04EC0-301F-11D3-BF4B-00C04F79EFBC}") = "UnityDemo1.WingMod.mm", "UnityDemo1.WingMod.mm\UnityDemo1.WingMod.mm.csproj", "{640FCC03-1D2F-48D6-9E04-5C23D0855289}"
EndProject
Project("{FAE04EC0-301F-11D3-BF4B-00C04F79EFBC}") = "NineProvincesCaravan.WingMod.umm", "NineProvincesCaravan.WingMod.umm\NineProvincesCaravan.WingMod.umm.csproj", "{449CD604-B128-46E1-AB9D-26F43AB3F729}"
EndProject
Project("{FAE04EC0-301F-11D3-BF4B-00C04F79EFBC}") = "NineProvincesCaravan.WingMod.mm", "NineProvincesCaravan.WingMod.mm\NineProvincesCaravan.WingMod.mm.csproj", "{2D5D115B-6908-483D-8034-C44B67498C41}"
EndProject
Project("{FAE04EC0-301F-11D3-BF4B-00C04F79EFBC}") = "WingUtil", "WingUtil\WingUtil.csproj", "{97D65711-6616-472D-9AC5-590E288B1D97}"
EndProject
Project("{FAE04EC0-301F-11D3-BF4B-00C04F79EFBC}") = "WingUtil.Harmony", "WingUtil.Harmony\WingUtil.Harmony.csproj", "{CF9878BC-D9DD-47D2-ACFC-A8042FD3B337}"
EndProject
Project("{FAE04EC0-301F-11D3-BF4B-00C04F79EFBC}") = "WarmSnow.WingMod.umm", "WarmSnow.WingMod.umm\WarmSnow.WingMod.umm.csproj", "{C4B77D47-FAC0-4EB3-8B1D-2787B59370F2}"
EndProject
Global
	GlobalSection(SolutionConfigurationPlatforms) = preSolution
		Debug|Any CPU = Debug|Any CPU
		Release|Any CPU = Release|Any CPU
	EndGlobalSection
	GlobalSection(ProjectConfigurationPlatforms) = postSolution
		{F8FA5339-88DE-4D25-A833-63DD067791DD}.Debug|Any CPU.ActiveCfg = Debug|Any CPU
		{F8FA5339-88DE-4D25-A833-63DD067791DD}.Debug|Any CPU.Build.0 = Debug|Any CPU
		{F8FA5339-88DE-4D25-A833-63DD067791DD}.Release|Any CPU.ActiveCfg = Release|Any CPU
		{F8FA5339-88DE-4D25-A833-63DD067791DD}.Release|Any CPU.Build.0 = Release|Any CPU
		{09834345-C932-44F2-A133-27371C950654}.Debug|Any CPU.ActiveCfg = Debug|Any CPU
		{09834345-C932-44F2-A133-27371C950654}.Debug|Any CPU.Build.0 = Debug|Any CPU
		{09834345-C932-44F2-A133-27371C950654}.Release|Any CPU.ActiveCfg = Release|Any CPU
		{09834345-C932-44F2-A133-27371C950654}.Release|Any CPU.Build.0 = Release|Any CPU
		{FB9088EE-558F-4B9F-8DC5-69124DDD5974}.Debug|Any CPU.ActiveCfg = Debug|Any CPU
		{FB9088EE-558F-4B9F-8DC5-69124DDD5974}.Debug|Any CPU.Build.0 = Debug|Any CPU
		{FB9088EE-558F-4B9F-8DC5-69124DDD5974}.Release|Any CPU.ActiveCfg = Release|Any CPU
		{FB9088EE-558F-4B9F-8DC5-69124DDD5974}.Release|Any CPU.Build.0 = Release|Any CPU
		{D0F47691-9AAA-4E4A-A8D7-761C6E49E318}.Debug|Any CPU.ActiveCfg = Debug|Any CPU
		{D0F47691-9AAA-4E4A-A8D7-761C6E49E318}.Debug|Any CPU.Build.0 = Debug|Any CPU
		{D0F47691-9AAA-4E4A-A8D7-761C6E49E318}.Release|Any CPU.ActiveCfg = Release|Any CPU
		{D0F47691-9AAA-4E4A-A8D7-761C6E49E318}.Release|Any CPU.Build.0 = Release|Any CPU
		{D0F47691-9AAA-4E4A-A8D7-761C6E49E319}.Debug|Any CPU.ActiveCfg = Debug|Any CPU
		{D0F47691-9AAA-4E4A-A8D7-761C6E49E319}.Debug|Any CPU.Build.0 = Debug|Any CPU
		{D0F47691-9AAA-4E4A-A8D7-761C6E49E319}.Release|Any CPU.ActiveCfg = Release|Any CPU
		{D0F47691-9AAA-4E4A-A8D7-761C6E49E319}.Release|Any CPU.Build.0 = Release|Any CPU
		{0B864740-AE79-4181-A6B9-5473F1228CDE}.Debug|Any CPU.ActiveCfg = Debug|Any CPU
		{0B864740-AE79-4181-A6B9-5473F1228CDE}.Debug|Any CPU.Build.0 = Debug|Any CPU
		{0B864740-AE79-4181-A6B9-5473F1228CDE}.Release|Any CPU.ActiveCfg = Release|Any CPU
		{0B864740-AE79-4181-A6B9-5473F1228CDE}.Release|Any CPU.Build.0 = Release|Any CPU
		{43EE407B-3D17-49BF-8E18-AF9B2EDC8F49}.Debug|Any CPU.ActiveCfg = Debug|Any CPU
		{43EE407B-3D17-49BF-8E18-AF9B2EDC8F49}.Debug|Any CPU.Build.0 = Debug|Any CPU
		{43EE407B-3D17-49BF-8E18-AF9B2EDC8F49}.Release|Any CPU.ActiveCfg = Release|Any CPU
		{43EE407B-3D17-49BF-8E18-AF9B2EDC8F49}.Release|Any CPU.Build.0 = Release|Any CPU
		{31586695-6174-420C-AC2D-D825D2494209}.Debug|Any CPU.ActiveCfg = Debug|Any CPU
		{31586695-6174-420C-AC2D-D825D2494209}.Debug|Any CPU.Build.0 = Debug|Any CPU
		{31586695-6174-420C-AC2D-D825D2494209}.Release|Any CPU.ActiveCfg = Release|Any CPU
		{31586695-6174-420C-AC2D-D825D2494209}.Release|Any CPU.Build.0 = Release|Any CPU
		{B7A0FB1B-506E-4F11-A4CB-4352BBF3CFF9}.Debug|Any CPU.ActiveCfg = Debug|Any CPU
		{B7A0FB1B-506E-4F11-A4CB-4352BBF3CFF9}.Debug|Any CPU.Build.0 = Debug|Any CPU
		{B7A0FB1B-506E-4F11-A4CB-4352BBF3CFF9}.Release|Any CPU.ActiveCfg = Release|Any CPU
		{B7A0FB1B-506E-4F11-A4CB-4352BBF3CFF9}.Release|Any CPU.Build.0 = Release|Any CPU
		{640FCC03-1D2F-48D6-9E04-5C23D0855290}.Debug|Any CPU.ActiveCfg = Debug|Any CPU
		{640FCC03-1D2F-48D6-9E04-5C23D0855290}.Debug|Any CPU.Build.0 = Debug|Any CPU
		{640FCC03-1D2F-48D6-9E04-5C23D0855290}.Release|Any CPU.ActiveCfg = Release|Any CPU
		{640FCC03-1D2F-48D6-9E04-5C23D0855290}.Release|Any CPU.Build.0 = Release|Any CPU
		{640FCC03-1D2F-48D6-9E04-5C23D0855289}.Debug|Any CPU.ActiveCfg = Debug|Any CPU
		{640FCC03-1D2F-48D6-9E04-5C23D0855289}.Debug|Any CPU.Build.0 = Debug|Any CPU
		{640FCC03-1D2F-48D6-9E04-5C23D0855289}.Release|Any CPU.ActiveCfg = Release|Any CPU
		{640FCC03-1D2F-48D6-9E04-5C23D0855289}.Release|Any CPU.Build.0 = Release|Any CPU
		{449CD604-B128-46E1-AB9D-26F43AB3F729}.Debug|Any CPU.ActiveCfg = Debug|Any CPU
		{449CD604-B128-46E1-AB9D-26F43AB3F729}.Debug|Any CPU.Build.0 = Debug|Any CPU
		{449CD604-B128-46E1-AB9D-26F43AB3F729}.Release|Any CPU.ActiveCfg = Release|Any CPU
		{449CD604-B128-46E1-AB9D-26F43AB3F729}.Release|Any CPU.Build.0 = Release|Any CPU
		{2D5D115B-6908-483D-8034-C44B67498C41}.Debug|Any CPU.ActiveCfg = Debug|Any CPU
		{2D5D115B-6908-483D-8034-C44B67498C41}.Debug|Any CPU.Build.0 = Debug|Any CPU
		{2D5D115B-6908-483D-8034-C44B67498C41}.Release|Any CPU.ActiveCfg = Release|Any CPU
		{2D5D115B-6908-483D-8034-C44B67498C41}.Release|Any CPU.Build.0 = Release|Any CPU
		{97D65711-6616-472D-9AC5-590E288B1D97}.Debug|Any CPU.ActiveCfg = Debug|Any CPU
		{97D65711-6616-472D-9AC5-590E288B1D97}.Debug|Any CPU.Build.0 = Debug|Any CPU
		{97D65711-6616-472D-9AC5-590E288B1D97}.Release|Any CPU.ActiveCfg = Release|Any CPU
		{97D65711-6616-472D-9AC5-590E288B1D97}.Release|Any CPU.Build.0 = Release|Any CPU
		{CF9878BC-D9DD-47D2-ACFC-A8042FD3B337}.Debug|Any CPU.ActiveCfg = Debug|Any CPU
		{CF9878BC-D9DD-47D2-ACFC-A8042FD3B337}.Debug|Any CPU.Build.0 = Debug|Any CPU
		{CF9878BC-D9DD-47D2-ACFC-A8042FD3B337}.Release|Any CPU.ActiveCfg = Release|Any CPU
		{CF9878BC-D9DD-47D2-ACFC-A8042FD3B337}.Release|Any CPU.Build.0 = Release|Any CPU
		{C4B77D47-FAC0-4EB3-8B1D-2787B59370F2}.Debug|Any CPU.ActiveCfg = Debug|Any CPU
		{C4B77D47-FAC0-4EB3-8B1D-2787B59370F2}.Debug|Any CPU.Build.0 = Debug|Any CPU
		{C4B77D47-FAC0-4EB3-8B1D-2787B59370F2}.Release|Any CPU.ActiveCfg = Release|Any CPU
		{C4B77D47-FAC0-4EB3-8B1D-2787B59370F2}.Release|Any CPU.Build.0 = Release|Any CPU
	EndGlobalSection
	GlobalSection(SolutionProperties) = preSolution
		HideSolutionNode = FALSE
	EndGlobalSection
	GlobalSection(ExtensibilityGlobals) = postSolution
		SolutionGuid = {69244EAD-31DF-4DC8-96E4-B62246ECC539}
	EndGlobalSection
EndGlobal
